# This file is automatically @generated by Cargo.
# It is not intended for manual editing.
version = 4

[[package]]
name = "input-stream"
version = "0.4.0"
source = "registry+https://github.com/rust-lang/crates.io-index"
checksum = "f7fbf0d9dfcfb4b5888a4aa08bc6f45eefa3a936a0a2b07a69aa0c0e1a6c4fcc"

[[package]]
name = "log"
version = "0.4.29"
source = "registry+https://github.com/rust-lang/crates.io-index"
checksum = "5e5032e24019045c762d3c0f28f5b6b8bbf38563a65908389bf7978758920897"

[[package]]
name = "lox"
version = "0.1.0"
dependencies = [
 "input-stream",
 "log",
]
